
Microsoft Visual Studio Solution File, Format Version 12.00
# Visual Studio Version 16
VisualStudioVersion = 16.0.30709.132
MinimumVisualStudioVersion = 10.0.40219.1
Project("{9A19103F-16F7-4668-BE54-9A1E7A4F7556}") = "PartyInvites", "..\PartyInvites.csproj", "{189E41A6-BB7D-469C-9A4D-9F44144E352B}"
EndProject
Global
	GlobalSection(SolutionConfigurationPlatforms) = preSolution
		Debug|Any CPU = Debug|Any CPU
		Release|Any CPU = Release|Any CPU
	EndGlobalSection
	GlobalSection(ProjectConfigurationPlatforms) = postSolution
		{189E41A6-BB7D-469C-9A4D-9F44144E352B}.Debug|Any CPU.ActiveCfg = Debug|Any CPU
		{189E41A6-BB7D-469C-9A4D-9F44144E352B}.Debug|Any CPU.Build.0 = Debug|Any CPU
		{189E41A6-BB7D-469C-9A4D-9F44144E352B}.Release|Any CPU.ActiveCfg = Release|Any CPU
		{189E41A6-BB7D-469C-9A4D-9F44144E352B}.Release|Any CPU.Build.0 = Release|Any CPU
	EndGlobalSection
	GlobalSection(SolutionProperties) = preSolution
		HideSolutionNode = FALSE
	EndGlobalSection
	GlobalSection(ExtensibilityGlobals) = postSolution
		SolutionGuid = {9E161A4D-D5B1-490C-A899-CA55F059506D}
	EndGlobalSection
EndGlobal
